
Microsoft Visual Studio Solution File, Format Version 12.00
# Visual Studio Version 16
VisualStudioVersion = 16.0.30503.244
MinimumVisualStudioVersion = 10.0.40219.1
Project("{FAE04EC0-301F-11D3-BF4B-00C04F79EFBC}") = "ConsoleApp3", "ConsoleApp3.csproj", "{CDF4A676-C6B0-4049-A7F8-BDE6510134DA}"
EndProject
Global
	GlobalSection(SolutionConfigurationPlatforms) = preSolution
		Debug|Any CPU = Debug|Any CPU
		Release|Any CPU = Release|Any CPU
	EndGlobalSection
	GlobalSection(ProjectConfigurationPlatforms) = postSolution
		{CDF4A676-C6B0-4049-A7F8-BDE6510134DA}.Debug|Any CPU.ActiveCfg = Debug|Any CPU
		{CDF4A676-C6B0-4049-A7F8-BDE6510134DA}.Debug|Any CPU.Build.0 = Debug|Any CPU
		{CDF4A676-C6B0-4049-A7F8-BDE6510134DA}.Release|Any CPU.ActiveCfg = Release|Any CPU
		{CDF4A676-C6B0-4049-A7F8-BDE6510134DA}.Release|Any CPU.Build.0 = Release|Any CPU
	EndGlobalSection
	GlobalSection(SolutionProperties) = preSolution
		HideSolutionNode = FALSE
	EndGlobalSection
	GlobalSection(ExtensibilityGlobals) = postSolution
		SolutionGuid = {7A527A26-C3B3-4527-A76F-EC06D8469A1D}
	EndGlobalSection
EndGlobal
